
Microsoft Visual Studio Solution File, Format Version 12.00
# Visual Studio Version 17
VisualStudioVersion = 17.7.34031.279
MinimumVisualStudioVersion = 10.0.40219.1
Project("{FAE04EC0-301F-11D3-BF4B-00C04F79EFBC}") = "OrderService", "OrderService\OrderService.csproj", "{3C34F70E-97A1-4912-85EE-AA6687DF078D}"
EndProject
Project("{FAE04EC0-301F-11D3-BF4B-00C04F79EFBC}") = "PaymentService", "PaymentService\PaymentService.csproj", "{36FF2AA3-CBBA-49B2-88AE-931AB483B28E}"
EndProject
Global
	GlobalSection(SolutionConfigurationPlatforms) = preSolution
		Debug|Any CPU = Debug|Any CPU
		Release|Any CPU = Release|Any CPU
	EndGlobalSection
	GlobalSection(ProjectConfigurationPlatforms) = postSolution
		{3C34F70E-97A1-4912-85EE-AA6687DF078D}.Debug|Any CPU.ActiveCfg = Debug|Any CPU
		{3C34F70E-97A1-4912-85EE-AA6687DF078D}.Debug|Any CPU.Build.0 = Debug|Any CPU
		{3C34F70E-97A1-4912-85EE-AA6687DF078D}.Release|Any CPU.ActiveCfg = Release|Any CPU
		{3C34F70E-97A1-4912-85EE-AA6687DF078D}.Release|Any CPU.Build.0 = Release|Any CPU
		{36FF2AA3-CBBA-49B2-88AE-931AB483B28E}.Debug|Any CPU.ActiveCfg = Debug|Any CPU
		{36FF2AA3-CBBA-49B2-88AE-931AB483B28E}.Debug|Any CPU.Build.0 = Debug|Any CPU
		{36FF2AA3-CBBA-49B2-88AE-931AB483B28E}.Release|Any CPU.ActiveCfg = Release|Any CPU
		{36FF2AA3-CBBA-49B2-88AE-931AB483B28E}.Release|Any CPU.Build.0 = Release|Any CPU
	EndGlobalSection
	GlobalSection(SolutionProperties) = preSolution
		HideSolutionNode = FALSE
	EndGlobalSection
	GlobalSection(ExtensibilityGlobals) = postSolution
		SolutionGuid = {CEE0F431-E686-4612-BE44-C92549AD2344}
	EndGlobalSection
EndGlobal
